lockfileVersion: '9.0'

settings:
  autoInstallPeers: true
  excludeLinksFromLockfile: false

importers:

  .:
    devDependencies:
      '@types/node':
        specifier: ^20
        version: 20.19.37
      turbo:
        specifier: ^2.1.3
        version: 2.8.15
      typescript:
        specifier: ^5.6.2
        version: 5.9.3

  apps/web:
    dependencies:
      '@hashi-bot/backtest':
        specifier: workspace:*
        version: link:../../packages/backtest
      '@hashi-bot/core':
        specifier: workspace:*
        version: link:../../packages/core
      '@hashi-bot/data':
        specifier: workspace:*
        version: link:../../packages/data
      '@hashi-bot/storage':
        specifier: workspace:*
        version: link:../../packages/storage
      '@hashi-bot/strategy':
        specifier: workspace:*
        version: link:../../packages/strategy
      '@hashi-bot/telemetry':
        specifier: workspace:*
        version: link:../../packages/telemetry

  apps/worker:
    dependencies:
      '@hashi-bot/backtest':
        specifier: workspace:*
        version: link:../../packages/backtest
      '@hashi-bot/core':
        specifier: workspace:*
        version: link:../../packages/core
      '@hashi-bot/data':
        specifier: workspace:*
        version: link:../../packages/data
      '@hashi-bot/execution':
        specifier: workspace:*
        version: link:../../packages/execution
      '@hashi-bot/storage':
        specifier: workspace:*
        version: link:../../packages/storage
      '@hashi-bot/strategy':
        specifier: workspace:*
        version: link:../../packages/strategy
      '@hashi-bot/telemetry':
        specifier: workspace:*
        version: link:../../packages/telemetry

  packages/backtest:
    dependencies:
      '@hashi-bot/core':
        specifier: workspace:*
        version: link:../core
      '@hashi-bot/risk':
        specifier: workspace:*
        version: link:../risk

  packages/core:
    dependencies:
      zod:
        specifier: ^3.23.8
        version: 3.25.76

  packages/data:
    dependencies:
      '@hashi-bot/backtest':
        specifier: workspace:*
        version: link:../backtest
      '@hashi-bot/core':
        specifier: workspace:*
        version: link:../core

  packages/execution:
    dependencies:
      '@hashi-bot/core':
        specifier: workspace:*
        version: link:../core

  packages/indicators:
    dependencies:
      '@hashi-bot/core':
        specifier: workspace:*
        version: link:../core

  packages/market:
    dependencies:
      '@hashi-bot/core':
        specifier: workspace:*
        version: link:../core

  packages/risk:
    dependencies:
      '@hashi-bot/core':
        specifier: workspace:*
        version: link:../core
      '@hashi-bot/market':
        specifier: workspace:*
        version: link:../market

  packages/storage:
    dependencies:
      '@hashi-bot/core':
        specifier: workspace:*
        version: link:../core

  packages/strategy:
    dependencies:
      '@hashi-bot/core':
        specifier: workspace:*
        version: link:../core
      '@hashi-bot/indicators':
        specifier: workspace:*
        version: link:../indicators
      '@hashi-bot/market':
        specifier: workspace:*
        version: link:../market

  packages/telemetry:
    dependencies:
      '@hashi-bot/core':
        specifier: workspace:*
        version: link:../core
      '@hashi-bot/execution':
        specifier: workspace:*
        version: link:../execution
      '@hashi-bot/storage':
        specifier: workspace:*
        version: link:../storage

packages:

  '@types/node@20.19.37':
    resolution: {integrity: sha512-8kzdPJ3FsNsVIurqBs7oodNnCEVbni9yUEkaHbgptDACOPW04jimGagZ51E6+lXUwJjgnBw+hyko/lkFWCldqw==}

  turbo-darwin-64@2.8.15:
    resolution: {integrity: sha512-EElCh+Ltxex9lXYrouV3hHjKP3HFP31G91KMghpNHR/V99CkFudRcHcnWaorPbzAZizH1m8o2JkLL8rptgb8WQ==}
    cpu: [x64]
    os: [darwin]

  turbo-darwin-arm64@2.8.15:
    resolution: {integrity: sha512-ORmvtqHiHwvNynSWvLIleyU8dKtwQ4ILk39VsEwfKSEzSHWYWYxZhBmD9GAGRPlNl7l7S1irrziBlDEGVpq+vQ==}
    cpu: [arm64]
    os: [darwin]

  turbo-linux-64@2.8.15:
    resolution: {integrity: sha512-Bk1E61a+PCWUTfhqfXFlhEJMLp6nak0J0Qt14IZX1og1zyaiBLkM6M1GQFbPpiWfbUcdLwRaYQhO0ySB07AJ8w==}
    cpu: [x64]
    os: [linux]

  turbo-linux-arm64@2.8.15:
    resolution: {integrity: sha512-3BX0Vk+XkP0uiZc8pkjQGNsAWjk5ojC53bQEMp6iuhSdWpEScEFmcT6p7DL7bcJmhP2mZ1HlAu0A48wrTGCtvg==}
    cpu: [arm64]
    os: [linux]

  turbo-windows-64@2.8.15:
    resolution: {integrity: sha512-m14ogunMF+grHZ1jzxSCO6q0gEfF1tmr+0LU+j1QNd/M1X33tfKnQqmpkeUR/REsGjfUlkQlh6PAzqlT3cA3Pg==}
    cpu: [x64]
    os: [win32]

  turbo-windows-arm64@2.8.15:
    resolution: {integrity: sha512-HWh6dnzhl7nu5gRwXeqP61xbyDBNmQ4UCeWNa+si4/6RAtHlKEcZTNs7jf4U+oqBnbtv4uxbKZZPf/kN0EK4+A==}
    cpu: [arm64]
    os: [win32]

  turbo@2.8.15:
    resolution: {integrity: sha512-ERZf7pKOR155NKs/PZt1+83NrSEJfUL7+p9/TGZg/8xzDVMntXEFQlX4CsNJQTyu4h3j+dZYiQWOOlv5pssuHQ==}
    hasBin: true

  typescript@5.9.3:
    resolution: {integrity: sha512-jl1vZzPDinLr9eUt3J/t7V6FgNEw9QjvBPdysz9KfQDD41fQrC2Y4vKQdiaUpFT4bXlb1RHhLpp8wtm6M5TgSw==}
    engines: {node: '>=14.17'}
    hasBin: true

  undici-types@6.21.0:
    resolution: {integrity: sha512-iwDZqg0QAGrg9Rav5H4n0M64c3mkR59cJ6wQp+7C4nI0gsmExaedaYLNO44eT4AtBBwjbTiGPMlt2Md0T9H9JQ==}

  zod@3.25.76:
    resolution: {integrity: sha512-gzUt/qt81nXsFGKIFcC3YnfEAx5NkunCfnDlvuBSSFS02bcXu4Lmea0AFIUwbLWxWPx3d9p8S5QoaujKcNQxcQ==}

snapshots:

  '@types/node@20.19.37':
    dependencies:
      undici-types: 6.21.0

  turbo-darwin-64@2.8.15:
    optional: true

  turbo-darwin-arm64@2.8.15:
    optional: true

  turbo-linux-64@2.8.15:
    optional: true

  turbo-linux-arm64@2.8.15:
    optional: true

  turbo-windows-64@2.8.15:
    optional: true

  turbo-windows-arm64@2.8.15:
    optional: true

  turbo@2.8.15:
    optionalDependencies:
      turbo-darwin-64: 2.8.15
      turbo-darwin-arm64: 2.8.15
      turbo-linux-64: 2.8.15
      turbo-linux-arm64: 2.8.15
      turbo-windows-64: 2.8.15
      turbo-windows-arm64: 2.8.15

  typescript@5.9.3: {}

  undici-types@6.21.0: {}

  zod@3.25.76: {}
